
Microsoft Visual Studio Solution File, Format Version 12.00
# Visual Studio Version 16
VisualStudioVersion = 16.0.30413.136
MinimumVisualStudioVersion = 10.0.40219.1
Project("{FAE04EC0-301F-11D3-BF4B-00C04F79EFBC}") = "CincyClean", "CincyClean\CincyClean.csproj", "{86E506A4-6BDB-4EE6-8D12-FEE0E825F94B}"
EndProject
Global
	GlobalSection(SolutionConfigurationPlatforms) = preSolution
		Debug|Any CPU = Debug|Any CPU
		Release|Any CPU = Release|Any CPU
	EndGlobalSection
	GlobalSection(ProjectConfigurationPlatforms) = postSolution
		{86E506A4-6BDB-4EE6-8D12-FEE0E825F94B}.Debug|Any CPU.ActiveCfg = Debug|Any CPU
		{86E506A4-6BDB-4EE6-8D12-FEE0E825F94B}.Debug|Any CPU.Build.0 = Debug|Any CPU
		{86E506A4-6BDB-4EE6-8D12-FEE0E825F94B}.Release|Any CPU.ActiveCfg = Release|Any CPU
		{86E506A4-6BDB-4EE6-8D12-FEE0E825F94B}.Release|Any CPU.Build.0 = Release|Any CPU
	EndGlobalSection
	GlobalSection(SolutionProperties) = preSolution
		HideSolutionNode = FALSE
	EndGlobalSection
	GlobalSection(ExtensibilityGlobals) = postSolution
		SolutionGuid = {450A7AFF-0574-4E7B-A7C2-A8A475AF2535}
	EndGlobalSection
EndGlobal
